
Microsoft Visual Studio Solution File, Format Version 12.00
# Visual Studio Version 16
VisualStudioVersion = 16.0.29609.76
MinimumVisualStudioVersion = 10.0.40219.1
Project("{9A19103F-16F7-4668-BE54-9A1E7A4F7556}") = "Archimedes.Service.Candle.Tests", "Archimedes.Service.Candle.Tests\Archimedes.Service.Candle.Tests.csproj", "{273D415C-EA3F-4CD4-BB35-C7ADB7E3E00A}"
EndProject
Project("{9A19103F-16F7-4668-BE54-9A1E7A4F7556}") = "Archimedes.Service.Candle", "Archimedes.Service.Candle\Archimedes.Service.Candle.csproj", "{40350793-B84F-4212-B6C5-BEC50BBECF80}"
EndProject
Global
	GlobalSection(SolutionConfigurationPlatforms) = preSolution
		Debug|Any CPU = Debug|Any CPU
		Release|Any CPU = Release|Any CPU
	EndGlobalSection
	GlobalSection(ProjectConfigurationPlatforms) = postSolution
		{273D415C-EA3F-4CD4-BB35-C7ADB7E3E00A}.Debug|Any CPU.ActiveCfg = Debug|Any CPU
		{273D415C-EA3F-4CD4-BB35-C7ADB7E3E00A}.Debug|Any CPU.Build.0 = Debug|Any CPU
		{273D415C-EA3F-4CD4-BB35-C7ADB7E3E00A}.Release|Any CPU.ActiveCfg = Release|Any CPU
		{273D415C-EA3F-4CD4-BB35-C7ADB7E3E00A}.Release|Any CPU.Build.0 = Release|Any CPU
		{40350793-B84F-4212-B6C5-BEC50BBECF80}.Debug|Any CPU.ActiveCfg = Debug|Any CPU
		{40350793-B84F-4212-B6C5-BEC50BBECF80}.Debug|Any CPU.Build.0 = Debug|Any CPU
		{40350793-B84F-4212-B6C5-BEC50BBECF80}.Release|Any CPU.ActiveCfg = Release|Any CPU
		{40350793-B84F-4212-B6C5-BEC50BBECF80}.Release|Any CPU.Build.0 = Release|Any CPU
	EndGlobalSection
	GlobalSection(SolutionProperties) = preSolution
		HideSolutionNode = FALSE
	EndGlobalSection
	GlobalSection(ExtensibilityGlobals) = postSolution
		SolutionGuid = {20834B32-8235-4600-9956-35905A46E851}
	EndGlobalSection
EndGlobal
